lockfileVersion: '6.0'

settings:
  autoInstallPeers: true
  excludeLinksFromLockfile: false

dependencies:
  openai:
    specifier: ^5.6.0
    version: 5.6.0(zod@3.25.67)
  zod:
    specifier: ^3.25.67
    version: 3.25.67

devDependencies:
  '@types/bun':
    specifier: ^1.2.17
    version: 1.2.17
  '@types/node':
    specifier: ^24.0.3
    version: 24.0.3

packages:

  /@types/bun@1.2.17:
    resolution: {integrity: sha512-l/BYs/JYt+cXA/0+wUhulYJB6a6p//GTPiJ7nV+QHa8iiId4HZmnu/3J/SowP5g0rTiERY2kfGKXEK5Ehltx4Q==}
    dependencies:
      bun-types: 1.2.17
    dev: true

  /@types/node@24.0.3:
    resolution: {integrity: sha512-R4I/kzCYAdRLzfiCabn9hxWfbuHS573x+r0dJMkkzThEa7pbrcDWK+9zu3e7aBOouf+rQAciqPFMnxwr0aWgKg==}
    dependencies:
      undici-types: 7.8.0
    dev: true

  /bun-types@1.2.17:
    resolution: {integrity: sha512-ElC7ItwT3SCQwYZDYoAH+q6KT4Fxjl8DtZ6qDulUFBmXA8YB4xo+l54J9ZJN+k2pphfn9vk7kfubeSd5QfTVJQ==}
    dependencies:
      '@types/node': 24.0.3
    dev: true

  /openai@5.6.0(zod@3.25.67):
    resolution: {integrity: sha512-jNH5z+hYAdOMZXyEt0yZ7246s+UZjg2AwFQqkAhZIPPjxNtHHO5mykOefau6FkOqj16aC94MOdJl/rZBcKj/cQ==}
    hasBin: true
    peerDependencies:
      ws: ^8.18.0
      zod: ^3.23.8
    peerDependenciesMeta:
      ws:
        optional: true
      zod:
        optional: true
    dependencies:
      zod: 3.25.67
    dev: false

  /undici-types@7.8.0:
    resolution: {integrity: sha512-9UJ2xGDvQ43tYyVMpuHlsgApydB8ZKfVYTsLDhXkFL/6gfkp+U8xTGdh8pMJv1SpZna0zxG1DwsKZsreLbXBxw==}
    dev: true

  /zod@3.25.67:
    resolution: {integrity: sha512-idA2YXwpCdqUSKRCACDE6ItZD9TZzy3OZMtpfLoh6oPR47lipysRrJfjzMqFxQ3uJuUPyUeWe1r9vLH33xO/Qw==}
    dev: false
